
Microsoft Visual Studio Solution File, Format Version 11.00
# Visual Studio 2010
Project("{FAE04EC0-301F-11D3-BF4B-00C04F79EFBC}") = "Subfuzion.R.Rserve", "Subfuzion.R.Rserve\Subfuzion.R.Rserve.csproj", "{9DC3F078-6A39-4DCA-813B-50B2D90E330A}"
EndProject
Project("{FAE04EC0-301F-11D3-BF4B-00C04F79EFBC}") = "Subfuzion.Helpers", "Subfuzion.Helpers\Subfuzion.Helpers.csproj", "{641843FD-780C-421F-A150-AA12B170829E}"
EndProject
Project("{FAE04EC0-301F-11D3-BF4B-00C04F79EFBC}") = "gsDesign.Explorer", "gsDesign.Explorer\gsDesign.Explorer.csproj", "{F76F995C-0777-446A-9B43-8939A3B4A991}"
EndProject
Project("{FAE04EC0-301F-11D3-BF4B-00C04F79EFBC}") = "gsDesign.Core", "gsDesign.Core\gsDesign.Core.csproj", "{B47A4C50-AE66-4D56-9A8F-CC6E86AF6C11}"
EndProject
Project("{FAE04EC0-301F-11D3-BF4B-00C04F79EFBC}") = "gsDesign.Tests", "gsDesign.Tests\gsDesign.Tests.csproj", "{53E6B378-D113-45BE-8682-8D6F1F78FDB0}"
EndProject
Project("{FAE04EC0-301F-11D3-BF4B-00C04F79EFBC}") = "PlotControl", "PlotControl\PlotControl.csproj", "{9F2B5FBA-9BC8-46CA-AC2B-255DE7491FD9}"
EndProject
Global
	GlobalSection(SolutionConfigurationPlatforms) = preSolution
		Debug|Any CPU = Debug|Any CPU
		Debug|Mixed Platforms = Debug|Mixed Platforms
		Debug|x86 = Debug|x86
		Release|Any CPU = Release|Any CPU
		Release|Mixed Platforms = Release|Mixed Platforms
		Release|x86 = Release|x86
	EndGlobalSection
	GlobalSection(ProjectConfigurationPlatforms) = postSolution
		{9DC3F078-6A39-4DCA-813B-50B2D90E330A}.Debug|Any CPU.ActiveCfg = Debug|Any CPU
		{9DC3F078-6A39-4DCA-813B-50B2D90E330A}.Debug|Any CPU.Build.0 = Debug|Any CPU
		{9DC3F078-6A39-4DCA-813B-50B2D90E330A}.Debug|Mixed Platforms.ActiveCfg = Debug|Any CPU
		{9DC3F078-6A39-4DCA-813B-50B2D90E330A}.Debug|Mixed Platforms.Build.0 = Debug|Any CPU
		{9DC3F078-6A39-4DCA-813B-50B2D90E330A}.Debug|x86.ActiveCfg = Debug|Any CPU
		{9DC3F078-6A39-4DCA-813B-50B2D90E330A}.Release|Any CPU.ActiveCfg = Release|Any CPU
		{9DC3F078-6A39-4DCA-813B-50B2D90E330A}.Release|Any CPU.Build.0 = Release|Any CPU
		{9DC3F078-6A39-4DCA-813B-50B2D90E330A}.Release|Mixed Platforms.ActiveCfg = Release|Any CPU
		{9DC3F078-6A39-4DCA-813B-50B2D90E330A}.Release|Mixed Platforms.Build.0 = Release|Any CPU
		{9DC3F078-6A39-4DCA-813B-50B2D90E330A}.Release|x86.ActiveCfg = Release|Any CPU
		{641843FD-780C-421F-A150-AA12B170829E}.Debug|Any CPU.ActiveCfg = Debug|Any CPU
		{641843FD-780C-421F-A150-AA12B170829E}.Debug|Any CPU.Build.0 = Debug|Any CPU
		{641843FD-780C-421F-A150-AA12B170829E}.Debug|Mixed Platforms.ActiveCfg = Debug|Any CPU
		{641843FD-780C-421F-A150-AA12B170829E}.Debug|Mixed Platforms.Build.0 = Debug|Any CPU
		{641843FD-780C-421F-A150-AA12B170829E}.Debug|x86.ActiveCfg = Debug|Any CPU
		{641843FD-780C-421F-A150-AA12B170829E}.Release|Any CPU.ActiveCfg = Release|Any CPU
		{641843FD-780C-421F-A150-AA12B170829E}.Release|Any CPU.Build.0 = Release|Any CPU
		{641843FD-780C-421F-A150-AA12B170829E}.Release|Mixed Platforms.ActiveCfg = Release|Any CPU
		{641843FD-780C-421F-A150-AA12B170829E}.Release|Mixed Platforms.Build.0 = Release|Any CPU
		{641843FD-780C-421F-A150-AA12B170829E}.Release|x86.ActiveCfg = Release|Any CPU
		{F76F995C-0777-446A-9B43-8939A3B4A991}.Debug|Any CPU.ActiveCfg = Debug|Any CPU
		{F76F995C-0777-446A-9B43-8939A3B4A991}.Debug|Any CPU.Build.0 = Debug|Any CPU
		{F76F995C-0777-446A-9B43-8939A3B4A991}.Debug|Mixed Platforms.ActiveCfg = Debug|Any CPU
		{F76F995C-0777-446A-9B43-8939A3B4A991}.Debug|Mixed Platforms.Build.0 = Debug|Any CPU
		{F76F995C-0777-446A-9B43-8939A3B4A991}.Debug|x86.ActiveCfg = Debug|Any CPU
		{F76F995C-0777-446A-9B43-8939A3B4A991}.Release|Any CPU.ActiveCfg = Release|Any CPU
		{F76F995C-0777-446A-9B43-8939A3B4A991}.Release|Any CPU.Build.0 = Release|Any CPU
		{F76F995C-0777-446A-9B43-8939A3B4A991}.Release|Mixed Platforms.ActiveCfg = Release|Any CPU
		{F76F995C-0777-446A-9B43-8939A3B4A991}.Release|Mixed Platforms.Build.0 = Release|Any CPU
		{F76F995C-0777-446A-9B43-8939A3B4A991}.Release|x86.ActiveCfg = Release|Any CPU
		{B47A4C50-AE66-4D56-9A8F-CC6E86AF6C11}.Debug|Any CPU.ActiveCfg = Debug|Any CPU
		{B47A4C50-AE66-4D56-9A8F-CC6E86AF6C11}.Debug|Any CPU.Build.0 = Debug|Any CPU
		{B47A4C50-AE66-4D56-9A8F-CC6E86AF6C11}.Debug|Mixed Platforms.ActiveCfg = Debug|Any CPU
		{B47A4C50-AE66-4D56-9A8F-CC6E86AF6C11}.Debug|Mixed Platforms.Build.0 = Debug|Any CPU
		{B47A4C50-AE66-4D56-9A8F-CC6E86AF6C11}.Debug|x86.ActiveCfg = Debug|Any CPU
		{B47A4C50-AE66-4D56-9A8F-CC6E86AF6C11}.Release|Any CPU.ActiveCfg = Release|Any CPU
		{B47A4C50-AE66-4D56-9A8F-CC6E86AF6C11}.Release|Any CPU.Build.0 = Release|Any CPU
		{B47A4C50-AE66-4D56-9A8F-CC6E86AF6C11}.Release|Mixed Platforms.ActiveCfg = Release|Any CPU
		{B47A4C50-AE66-4D56-9A8F-CC6E86AF6C11}.Release|Mixed Platforms.Build.0 = Release|Any CPU
		{B47A4C50-AE66-4D56-9A8F-CC6E86AF6C11}.Release|x86.ActiveCfg = Release|Any CPU
		{53E6B378-D113-45BE-8682-8D6F1F78FDB0}.Debug|Any CPU.ActiveCfg = Debug|Any CPU
		{53E6B378-D113-45BE-8682-8D6F1F78FDB0}.Debug|Any CPU.Build.0 = Debug|Any CPU
		{53E6B378-D113-45BE-8682-8D6F1F78FDB0}.Debug|Mixed Platforms.ActiveCfg = Debug|Any CPU
		{53E6B378-D113-45BE-8682-8D6F1F78FDB0}.Debug|Mixed Platforms.Build.0 = Debug|Any CPU
		{53E6B378-D113-45BE-8682-8D6F1F78FDB0}.Debug|x86.ActiveCfg = Debug|Any CPU
		{53E6B378-D113-45BE-8682-8D6F1F78FDB0}.Release|Any CPU.ActiveCfg = Release|Any CPU
		{53E6B378-D113-45BE-8682-8D6F1F78FDB0}.Release|Any CPU.Build.0 = Release|Any CPU
		{53E6B378-D113-45BE-8682-8D6F1F78FDB0}.Release|Mixed Platforms.ActiveCfg = Release|Any CPU
		{53E6B378-D113-45BE-8682-8D6F1F78FDB0}.Release|Mixed Platforms.Build.0 = Release|Any CPU
		{53E6B378-D113-45BE-8682-8D6F1F78FDB0}.Release|x86.ActiveCfg = Release|Any CPU
		{9F2B5FBA-9BC8-46CA-AC2B-255DE7491FD9}.Debug|Any CPU.ActiveCfg = Debug|Any CPU
		{9F2B5FBA-9BC8-46CA-AC2B-255DE7491FD9}.Debug|Any CPU.Build.0 = Debug|Any CPU
		{9F2B5FBA-9BC8-46CA-AC2B-255DE7491FD9}.Debug|Mixed Platforms.ActiveCfg = Debug|Any CPU
		{9F2B5FBA-9BC8-46CA-AC2B-255DE7491FD9}.Debug|Mixed Platforms.Build.0 = Debug|Any CPU
		{9F2B5FBA-9BC8-46CA-AC2B-255DE7491FD9}.Debug|x86.ActiveCfg = Debug|Any CPU
		{9F2B5FBA-9BC8-46CA-AC2B-255DE7491FD9}.Release|Any CPU.ActiveCfg = Release|Any CPU
		{9F2B5FBA-9BC8-46CA-AC2B-255DE7491FD9}.Release|Any CPU.Build.0 = Release|Any CPU
		{9F2B5FBA-9BC8-46CA-AC2B-255DE7491FD9}.Release|Mixed Platforms.ActiveCfg = Release|Any CPU
		{9F2B5FBA-9BC8-46CA-AC2B-255DE7491FD9}.Release|Mixed Platforms.Build.0 = Release|Any CPU
		{9F2B5FBA-9BC8-46CA-AC2B-255DE7491FD9}.Release|x86.ActiveCfg = Release|Any CPU
	EndGlobalSection
	GlobalSection(SolutionProperties) = preSolution
		HideSolutionNode = FALSE
	EndGlobalSection
EndGlobal
